
Microsoft Visual Studio Solution File, Format Version 12.00
# Visual Studio Version 17
VisualStudioVersion = 17.3.32929.385
MinimumVisualStudioVersion = 10.0.40219.1
Project("{FAE04EC0-301F-11D3-BF4B-00C04F79EFBC}") = "ProyectoProgra", "ProyectoProgra\ProyectoProgra.csproj", "{A1DD5BCC-7FBC-43FE-A545-72F623D1412F}"
EndProject
Global
	GlobalSection(SolutionConfigurationPlatforms) = preSolution
		Debug|Any CPU = Debug|Any CPU
		Release|Any CPU = Release|Any CPU
	EndGlobalSection
	GlobalSection(ProjectConfigurationPlatforms) = postSolution
		{A1DD5BCC-7FBC-43FE-A545-72F623D1412F}.Debug|Any CPU.ActiveCfg = Debug|Any CPU
		{A1DD5BCC-7FBC-43FE-A545-72F623D1412F}.Debug|Any CPU.Build.0 = Debug|Any CPU
		{A1DD5BCC-7FBC-43FE-A545-72F623D1412F}.Release|Any CPU.ActiveCfg = Release|Any CPU
		{A1DD5BCC-7FBC-43FE-A545-72F623D1412F}.Release|Any CPU.Build.0 = Release|Any CPU
	EndGlobalSection
	GlobalSection(SolutionProperties) = preSolution
		HideSolutionNode = FALSE
	EndGlobalSection
	GlobalSection(ExtensibilityGlobals) = postSolution
		SolutionGuid = {1ED3DE9E-3F8E-4CA6-A536-37B7AFB412A9}
	EndGlobalSection
EndGlobal
